github.com/opengovern/resilient-bridge v0.0.0-20241220153217-ac14b0a06457 h1:OlIoSpmf5UtsI69MiDwUejR6/fdekA6RNrcp1ke4xIc=
github.com/opengovern/resilient-bridge v0.0.0-20241220153217-ac14b0a06457/go.mod h1:zEulaGgccj5tPXGiudGz17NRhXAk2HHh+GPj2VkjNq0=
github.com/opengovern/resilient-bridge v0.0.0-20241220160559-3c65f53670fe h1:Jf/OeBMc27+QPTmQj6LD7uw05BzQ8aDBOjIhJ1MvGLE=
github.com/opengovern/resilient-bridge v0.0.0-20241220160559-3c65f53670fe/go.mod h1:zEulaGgccj5tPXGiudGz17NRhXAk2HHh+GPj2VkjNq0=
